{
  "name": "fastify-enhance-ssr",
  "version": "0.0.1-alpha.0",
  "lockfileVersion": 2,
  "requires": true,
  "packages": {
    "": {
      "name": "fastify-enhance-ssr",
      "version": "0.0.1-alpha.0",
      "dependencies": {
        "@enhance/ssr": "^2.3.3",
        "fastify-plugin": "^4.0.0"
      }
    },
    "node_modules/@begin/parse5": {
      "version": "0.0.4",
      "resolved": "https://registry.npmjs.org/@begin/parse5/-/parse5-0.0.4.tgz",
      "integrity": "sha512-1H5S1AcFqpQfBMG0z4z7URFb5jWCrILIH9MkXSmTsyYd4hj4kgJnpXHGELJE9HnXH1maI/WfHi5j+udDVkvZ9g==",
      "dependencies": {
        "parse5": "^7.0.0"
      }
    },
    "node_modules/@enhance/ssr": {
      "version": "2.3.6",
      "resolved": "https://registry.npmjs.org/@enhance/ssr/-/ssr-2.3.6.tgz",
      "integrity": "sha512-gTk9SzlPpMgFS27g5+e6vWWL8BXMrikxIkkfsGtzFw5KMfM8KmqA7PVaV+fjUIVIGCoQbgMcmOeIpq5LTYf4iQ==",
      "dependencies": {
        "@begin/parse5": "^0.0.4"
      },
      "engines": {
        "node": ">=14.0.0"
      }
    },
    "node_modules/entities": {
      "version": "4.3.1",
      "resolved": "https://registry.npmjs.org/entities/-/entities-4.3.1.tgz",
      "integrity": "sha512-o4q/dYJlmyjP2zfnaWDUC6A3BQFmVTX+tZPezK7k0GLSU9QYCauscf5Y+qcEPzKL+EixVouYDgLQK5H9GrLpkg==",
      "engines": {
        "node": ">=0.12"
      },
      "funding": {
        "url": "https://github.com/fb55/entities?sponsor=1"
      }
    },
    "node_modules/fastify-plugin": {
      "version": "4.0.0",
      "resolved": "https://registry.npmjs.org/fastify-plugin/-/fastify-plugin-4.0.0.tgz",
      "integrity": "sha512-ZJcXPPcqkj7HFDYqbsCuOIAgIZ/sd2b+OnBxNGyxAcUDUJfIpxp4t23CwxO2E7LZpqUrIliA4TnjxTXG8mLoqw=="
    },
    "node_modules/parse5": {
      "version": "7.0.0",
      "resolved": "https://registry.npmjs.org/parse5/-/parse5-7.0.0.tgz",
      "integrity": "sha512-y/t8IXSPWTuRZqXc0ajH/UwDj4mnqLEbSttNbThcFhGrZuOyoyvNBO85PBp2jQa55wY9d07PBNjsK8ZP3K5U6g==",
      "dependencies": {
        "entities": "^4.3.0"
      },
      "funding": {
        "url": "https://github.com/inikulin/parse5?sponsor=1"
      }
    }
  },
  "dependencies": {
    "@begin/parse5": {
      "version": "0.0.4",
      "resolved": "https://registry.npmjs.org/@begin/parse5/-/parse5-0.0.4.tgz",
      "integrity": "sha512-1H5S1AcFqpQfBMG0z4z7URFb5jWCrILIH9MkXSmTsyYd4hj4kgJnpXHGELJE9HnXH1maI/WfHi5j+udDVkvZ9g==",
      "requires": {
        "parse5": "^7.0.0"
      }
    },
    "@enhance/ssr": {
      "version": "2.3.6",
      "resolved": "https://registry.npmjs.org/@enhance/ssr/-/ssr-2.3.6.tgz",
      "integrity": "sha512-gTk9SzlPpMgFS27g5+e6vWWL8BXMrikxIkkfsGtzFw5KMfM8KmqA7PVaV+fjUIVIGCoQbgMcmOeIpq5LTYf4iQ==",
      "requires": {
        "@begin/parse5": "^0.0.4"
      }
    },
    "entities": {
      "version": "4.3.1",
      "resolved": "https://registry.npmjs.org/entities/-/entities-4.3.1.tgz",
      "integrity": "sha512-o4q/dYJlmyjP2zfnaWDUC6A3BQFmVTX+tZPezK7k0GLSU9QYCauscf5Y+qcEPzKL+EixVouYDgLQK5H9GrLpkg=="
    },
    "fastify-plugin": {
      "version": "4.0.0",
      "resolved": "https://registry.npmjs.org/fastify-plugin/-/fastify-plugin-4.0.0.tgz",
      "integrity": "sha512-ZJcXPPcqkj7HFDYqbsCuOIAgIZ/sd2b+OnBxNGyxAcUDUJfIpxp4t23CwxO2E7LZpqUrIliA4TnjxTXG8mLoqw=="
    },
    "parse5": {
      "version": "7.0.0",
      "resolved": "https://registry.npmjs.org/parse5/-/parse5-7.0.0.tgz",
      "integrity": "sha512-y/t8IXSPWTuRZqXc0ajH/UwDj4mnqLEbSttNbThcFhGrZuOyoyvNBO85PBp2jQa55wY9d07PBNjsK8ZP3K5U6g==",
      "requires": {
        "entities": "^4.3.0"
      }
    }
  }
}
